
Microsoft Visual Studio Solution File, Format Version 12.00
# Visual Studio Version 17
VisualStudioVersion = 17.8.34322.80
MinimumVisualStudioVersion = 10.0.40219.1
Project("{2150E333-8FDC-42A3-9474-1A3956D46DE8}") = "Solution Items", "Solution Items", "{9B442D5C-F587-46A0-B1D8-08970C52C5B3}"
	ProjectSection(SolutionItems) = preProject
		.editorconfig = .editorconfig
	EndProjectSection
EndProject
Project("{2150E333-8FDC-42A3-9474-1A3956D46DE8}") = "src", "src", "{5A482189-3E43-44AA-91D1-D51531FFB850}"
EndProject
Project("{2150E333-8FDC-42A3-9474-1A3956D46DE8}") = "test", "test", "{E891E9C2-A98F-4923-8B3B-7EAB5042CE61}"
EndProject
Project("{9A19103F-16F7-4668-BE54-9A1E7A4F7556}") = "AdventOfCode2015", "src\AdventOfCode2015\AdventOfCode2015.csproj", "{A9F37F59-3F98-4E17-A053-4B9EA2C80664}"
EndProject
Project("{9A19103F-16F7-4668-BE54-9A1E7A4F7556}") = "CommonTypes", "src\CommonTypes\CommonTypes.csproj", "{39D9193D-267C-4251-AF41-6B0684437FEB}"
EndProject
Project("{9A19103F-16F7-4668-BE54-9A1E7A4F7556}") = "AdventOfCode2016", "src\AdventOfCode2016\AdventOfCode2016.csproj", "{15A39C71-EC6F-4AC7-BE1E-FA0F58B8C1BB}"
EndProject
Project("{9A19103F-16F7-4668-BE54-9A1E7A4F7556}") = "AdventOfCode2017", "src\AdventOfCode2017\AdventOfCode2017.csproj", "{29AF7434-A86F-45B2-A45F-7BA181221AB8}"
EndProject
Project("{9A19103F-16F7-4668-BE54-9A1E7A4F7556}") = "AdventOfCode2024", "src\AdventOfCode2024\AdventOfCode2024.csproj", "{E1AA356C-C3F5-4D62-B74C-3E074EBB2DD3}"
EndProject
Project("{9A19103F-16F7-4668-BE54-9A1E7A4F7556}") = "Shell", "src\Shell\Shell.csproj", "{5D86FC99-4BB1-4380-A1A9-B8DEA5B1B076}"
EndProject
Project("{9A19103F-16F7-4668-BE54-9A1E7A4F7556}") = "AdventOfCode2015Tests", "test\AdventOfCode2015Tests\AdventOfCode2015Tests.csproj", "{EF80A3F5-4380-41BA-8F84-6BF8F42E9E6C}"
EndProject
Project("{9A19103F-16F7-4668-BE54-9A1E7A4F7556}") = "AdventOfCode2016Tests", "test\AdventOfCode2016Tests\AdventOfCode2016Tests.csproj", "{4E09DDD2-AD86-47E0-8264-6E06BDC24F70}"
EndProject
Project("{9A19103F-16F7-4668-BE54-9A1E7A4F7556}") = "AdventOfCode2017Tests", "test\AdventOfCode2017Tests\AdventOfCode2017Tests.csproj", "{E0A95233-CC03-48E9-9134-12C74354A4F0}"
EndProject
Project("{9A19103F-16F7-4668-BE54-9A1E7A4F7556}") = "AdventOfCode2024Tests", "test\AdventOfCode2024Tests\AdventOfCode2024Tests.csproj", "{69BD852C-D426-4CC1-94C4-5643D56DB120}"
EndProject
Project("{9A19103F-16F7-4668-BE54-9A1E7A4F7556}") = "AdventOfCode2025", "src\AdventOfCode2025\AdventOfCode2025.csproj", "{6262B9D5-A367-4DF7-9839-85D35B3C7CEB}"
EndProject
Project("{9A19103F-16F7-4668-BE54-9A1E7A4F7556}") = "AdventOfCode2025Tests", "test\AdventOfCode2025Tests\AdventOfCode2025Tests.csproj", "{FCA193BD-B46D-46DA-B842-7BB926817B3F}"
EndProject
Global
	GlobalSection(SolutionConfigurationPlatforms) = preSolution
		Debug|Any CPU = Debug|Any CPU
		Release|Any CPU = Release|Any CPU
	EndGlobalSection
	GlobalSection(ProjectConfigurationPlatforms) = postSolution
		{A9F37F59-3F98-4E17-A053-4B9EA2C80664}.Debug|Any CPU.ActiveCfg = Debug|Any CPU
		{A9F37F59-3F98-4E17-A053-4B9EA2C80664}.Debug|Any CPU.Build.0 = Debug|Any CPU
		{A9F37F59-3F98-4E17-A053-4B9EA2C80664}.Release|Any CPU.ActiveCfg = Release|Any CPU
		{A9F37F59-3F98-4E17-A053-4B9EA2C80664}.Release|Any CPU.Build.0 = Release|Any CPU
		{39D9193D-267C-4251-AF41-6B0684437FEB}.Debug|Any CPU.ActiveCfg = Debug|Any CPU
		{39D9193D-267C-4251-AF41-6B0684437FEB}.Debug|Any CPU.Build.0 = Debug|Any CPU
		{39D9193D-267C-4251-AF41-6B0684437FEB}.Release|Any CPU.ActiveCfg = Release|Any CPU
		{39D9193D-267C-4251-AF41-6B0684437FEB}.Release|Any CPU.Build.0 = Release|Any CPU
		{15A39C71-EC6F-4AC7-BE1E-FA0F58B8C1BB}.Debug|Any CPU.ActiveCfg = Debug|Any CPU
		{15A39C71-EC6F-4AC7-BE1E-FA0F58B8C1BB}.Debug|Any CPU.Build.0 = Debug|Any CPU
		{15A39C71-EC6F-4AC7-BE1E-FA0F58B8C1BB}.Release|Any CPU.ActiveCfg = Release|Any CPU
		{15A39C71-EC6F-4AC7-BE1E-FA0F58B8C1BB}.Release|Any CPU.Build.0 = Release|Any CPU
		{29AF7434-A86F-45B2-A45F-7BA181221AB8}.Debug|Any CPU.ActiveCfg = Debug|Any CPU
		{29AF7434-A86F-45B2-A45F-7BA181221AB8}.Debug|Any CPU.Build.0 = Debug|Any CPU
		{29AF7434-A86F-45B2-A45F-7BA181221AB8}.Release|Any CPU.ActiveCfg = Release|Any CPU
		{29AF7434-A86F-45B2-A45F-7BA181221AB8}.Release|Any CPU.Build.0 = Release|Any CPU
		{E1AA356C-C3F5-4D62-B74C-3E074EBB2DD3}.Debug|Any CPU.ActiveCfg = Debug|Any CPU
		{E1AA356C-C3F5-4D62-B74C-3E074EBB2DD3}.Debug|Any CPU.Build.0 = Debug|Any CPU
		{E1AA356C-C3F5-4D62-B74C-3E074EBB2DD3}.Release|Any CPU.ActiveCfg = Release|Any CPU
		{E1AA356C-C3F5-4D62-B74C-3E074EBB2DD3}.Release|Any CPU.Build.0 = Release|Any CPU
		{5D86FC99-4BB1-4380-A1A9-B8DEA5B1B076}.Debug|Any CPU.ActiveCfg = Debug|Any CPU
		{5D86FC99-4BB1-4380-A1A9-B8DEA5B1B076}.Debug|Any CPU.Build.0 = Debug|Any CPU
		{5D86FC99-4BB1-4380-A1A9-B8DEA5B1B076}.Release|Any CPU.ActiveCfg = Release|Any CPU
		{5D86FC99-4BB1-4380-A1A9-B8DEA5B1B076}.Release|Any CPU.Build.0 = Release|Any CPU
		{EF80A3F5-4380-41BA-8F84-6BF8F42E9E6C}.Debug|Any CPU.ActiveCfg = Debug|Any CPU
		{EF80A3F5-4380-41BA-8F84-6BF8F42E9E6C}.Debug|Any CPU.Build.0 = Debug|Any CPU
		{EF80A3F5-4380-41BA-8F84-6BF8F42E9E6C}.Release|Any CPU.ActiveCfg = Release|Any CPU
		{EF80A3F5-4380-41BA-8F84-6BF8F42E9E6C}.Release|Any CPU.Build.0 = Release|Any CPU
		{4E09DDD2-AD86-47E0-8264-6E06BDC24F70}.Debug|Any CPU.ActiveCfg = Debug|Any CPU
		{4E09DDD2-AD86-47E0-8264-6E06BDC24F70}.Debug|Any CPU.Build.0 = Debug|Any CPU
		{4E09DDD2-AD86-47E0-8264-6E06BDC24F70}.Release|Any CPU.ActiveCfg = Release|Any CPU
		{4E09DDD2-AD86-47E0-8264-6E06BDC24F70}.Release|Any CPU.Build.0 = Release|Any CPU
		{E0A95233-CC03-48E9-9134-12C74354A4F0}.Debug|Any CPU.ActiveCfg = Debug|Any CPU
		{E0A95233-CC03-48E9-9134-12C74354A4F0}.Debug|Any CPU.Build.0 = Debug|Any CPU
		{E0A95233-CC03-48E9-9134-12C74354A4F0}.Release|Any CPU.ActiveCfg = Release|Any CPU
		{E0A95233-CC03-48E9-9134-12C74354A4F0}.Release|Any CPU.Build.0 = Release|Any CPU
		{69BD852C-D426-4CC1-94C4-5643D56DB120}.Debug|Any CPU.ActiveCfg = Debug|Any CPU
		{69BD852C-D426-4CC1-94C4-5643D56DB120}.Debug|Any CPU.Build.0 = Debug|Any CPU
		{69BD852C-D426-4CC1-94C4-5643D56DB120}.Release|Any CPU.ActiveCfg = Release|Any CPU
		{69BD852C-D426-4CC1-94C4-5643D56DB120}.Release|Any CPU.Build.0 = Release|Any CPU
		{6262B9D5-A367-4DF7-9839-85D35B3C7CEB}.Debug|Any CPU.ActiveCfg = Debug|Any CPU
		{6262B9D5-A367-4DF7-9839-85D35B3C7CEB}.Debug|Any CPU.Build.0 = Debug|Any CPU
		{6262B9D5-A367-4DF7-9839-85D35B3C7CEB}.Release|Any CPU.ActiveCfg = Release|Any CPU
		{6262B9D5-A367-4DF7-9839-85D35B3C7CEB}.Release|Any CPU.Build.0 = Release|Any CPU
		{FCA193BD-B46D-46DA-B842-7BB926817B3F}.Debug|Any CPU.ActiveCfg = Debug|Any CPU
		{FCA193BD-B46D-46DA-B842-7BB926817B3F}.Debug|Any CPU.Build.0 = Debug|Any CPU
		{FCA193BD-B46D-46DA-B842-7BB926817B3F}.Release|Any CPU.ActiveCfg = Release|Any CPU
		{FCA193BD-B46D-46DA-B842-7BB926817B3F}.Release|Any CPU.Build.0 = Release|Any CPU
	EndGlobalSection
	GlobalSection(SolutionProperties) = preSolution
		HideSolutionNode = FALSE
	EndGlobalSection
	GlobalSection(NestedProjects) = preSolution
		{A9F37F59-3F98-4E17-A053-4B9EA2C80664} = {5A482189-3E43-44AA-91D1-D51531FFB850}
		{39D9193D-267C-4251-AF41-6B0684437FEB} = {5A482189-3E43-44AA-91D1-D51531FFB850}
		{15A39C71-EC6F-4AC7-BE1E-FA0F58B8C1BB} = {5A482189-3E43-44AA-91D1-D51531FFB850}
		{29AF7434-A86F-45B2-A45F-7BA181221AB8} = {5A482189-3E43-44AA-91D1-D51531FFB850}
		{E1AA356C-C3F5-4D62-B74C-3E074EBB2DD3} = {5A482189-3E43-44AA-91D1-D51531FFB850}
		{5D86FC99-4BB1-4380-A1A9-B8DEA5B1B076} = {5A482189-3E43-44AA-91D1-D51531FFB850}
		{EF80A3F5-4380-41BA-8F84-6BF8F42E9E6C} = {E891E9C2-A98F-4923-8B3B-7EAB5042CE61}
		{4E09DDD2-AD86-47E0-8264-6E06BDC24F70} = {E891E9C2-A98F-4923-8B3B-7EAB5042CE61}
		{E0A95233-CC03-48E9-9134-12C74354A4F0} = {E891E9C2-A98F-4923-8B3B-7EAB5042CE61}
		{69BD852C-D426-4CC1-94C4-5643D56DB120} = {E891E9C2-A98F-4923-8B3B-7EAB5042CE61}
		{6262B9D5-A367-4DF7-9839-85D35B3C7CEB} = {5A482189-3E43-44AA-91D1-D51531FFB850}
		{FCA193BD-B46D-46DA-B842-7BB926817B3F} = {E891E9C2-A98F-4923-8B3B-7EAB5042CE61}
	EndGlobalSection
	GlobalSection(ExtensibilityGlobals) = postSolution
		SolutionGuid = {B28518A0-453D-4047-8F9B-035EB2F7FF27}
	EndGlobalSection
EndGlobal
