
Microsoft Visual Studio Solution File, Format Version 12.00
# Visual Studio Version 17
VisualStudioVersion = 17.8.34322.80
MinimumVisualStudioVersion = 10.0.40219.1
Project("{9A19103F-16F7-4668-BE54-9A1E7A4F7556}") = "AdventOfCode2024", "AdventOfCode2024\AdventOfCode2024.csproj", "{DB1CC978-D2D4-4A81-81B2-61EA9FFB090F}"
EndProject
Project("{9A19103F-16F7-4668-BE54-9A1E7A4F7556}") = "CommonTypes", "CommonTypes\CommonTypes.csproj", "{6B116CDF-ADD6-4021-B542-884C4E125E5B}"
EndProject
Project("{9A19103F-16F7-4668-BE54-9A1E7A4F7556}") = "Shell", "Shell\Shell.csproj", "{EED8F042-B6A9-4407-A53E-3953353B9877}"
	ProjectSection(ProjectDependencies) = postProject
		{50E5D462-7FE2-46AC-B3ED-ACF519BE12D8} = {50E5D462-7FE2-46AC-B3ED-ACF519BE12D8}
		{DB1CC978-D2D4-4A81-81B2-61EA9FFB090F} = {DB1CC978-D2D4-4A81-81B2-61EA9FFB090F}
	EndProjectSection
EndProject
Project("{2150E333-8FDC-42A3-9474-1A3956D46DE8}") = "Solution Items", "Solution Items", "{9B442D5C-F587-46A0-B1D8-08970C52C5B3}"
	ProjectSection(SolutionItems) = preProject
		.editorconfig = .editorconfig
	EndProjectSection
EndProject
Project("{2150E333-8FDC-42A3-9474-1A3956D46DE8}") = "src", "src", "{5A482189-3E43-44AA-91D1-D51531FFB850}"
EndProject
Project("{2150E333-8FDC-42A3-9474-1A3956D46DE8}") = "test", "test", "{E891E9C2-A98F-4923-8B3B-7EAB5042CE61}"
EndProject
Project("{9A19103F-16F7-4668-BE54-9A1E7A4F7556}") = "AdventOfCode2024Tests", "AdventOfCode2024Tests\AdventOfCode2024Tests.csproj", "{B7EDC80A-8BFA-49AB-A61B-618DBD8542A9}"
	ProjectSection(ProjectDependencies) = postProject
		{DB1CC978-D2D4-4A81-81B2-61EA9FFB090F} = {DB1CC978-D2D4-4A81-81B2-61EA9FFB090F}
	EndProjectSection
EndProject
Project("{FAE04EC0-301F-11D3-BF4B-00C04F79EFBC}") = "AdventOfCode2015", "AdventOfCode2015\AdventOfCode2015.csproj", "{50E5D462-7FE2-46AC-B3ED-ACF519BE12D8}"
	ProjectSection(ProjectDependencies) = postProject
		{6B116CDF-ADD6-4021-B542-884C4E125E5B} = {6B116CDF-ADD6-4021-B542-884C4E125E5B}
	EndProjectSection
EndProject
Project("{FAE04EC0-301F-11D3-BF4B-00C04F79EFBC}") = "AdventOfCode2015Tests", "AdventOfCode2015Tests\AdventOfCode2015Tests.csproj", "{76E5DF7F-76D8-4528-A017-C2F10781F161}"
EndProject
Global
	GlobalSection(SolutionConfigurationPlatforms) = preSolution
		Debug|Any CPU = Debug|Any CPU
		Release|Any CPU = Release|Any CPU
	EndGlobalSection
	GlobalSection(ProjectConfigurationPlatforms) = postSolution
		{DB1CC978-D2D4-4A81-81B2-61EA9FFB090F}.Debug|Any CPU.ActiveCfg = Debug|Any CPU
		{DB1CC978-D2D4-4A81-81B2-61EA9FFB090F}.Debug|Any CPU.Build.0 = Debug|Any CPU
		{DB1CC978-D2D4-4A81-81B2-61EA9FFB090F}.Release|Any CPU.ActiveCfg = Release|Any CPU
		{DB1CC978-D2D4-4A81-81B2-61EA9FFB090F}.Release|Any CPU.Build.0 = Release|Any CPU
		{6B116CDF-ADD6-4021-B542-884C4E125E5B}.Debug|Any CPU.ActiveCfg = Debug|Any CPU
		{6B116CDF-ADD6-4021-B542-884C4E125E5B}.Debug|Any CPU.Build.0 = Debug|Any CPU
		{6B116CDF-ADD6-4021-B542-884C4E125E5B}.Release|Any CPU.ActiveCfg = Release|Any CPU
		{6B116CDF-ADD6-4021-B542-884C4E125E5B}.Release|Any CPU.Build.0 = Release|Any CPU
		{EED8F042-B6A9-4407-A53E-3953353B9877}.Debug|Any CPU.ActiveCfg = Debug|Any CPU
		{EED8F042-B6A9-4407-A53E-3953353B9877}.Debug|Any CPU.Build.0 = Debug|Any CPU
		{EED8F042-B6A9-4407-A53E-3953353B9877}.Release|Any CPU.ActiveCfg = Release|Any CPU
		{EED8F042-B6A9-4407-A53E-3953353B9877}.Release|Any CPU.Build.0 = Release|Any CPU
		{B7EDC80A-8BFA-49AB-A61B-618DBD8542A9}.Debug|Any CPU.ActiveCfg = Debug|Any CPU
		{B7EDC80A-8BFA-49AB-A61B-618DBD8542A9}.Debug|Any CPU.Build.0 = Debug|Any CPU
		{B7EDC80A-8BFA-49AB-A61B-618DBD8542A9}.Release|Any CPU.ActiveCfg = Release|Any CPU
		{B7EDC80A-8BFA-49AB-A61B-618DBD8542A9}.Release|Any CPU.Build.0 = Release|Any CPU
		{50E5D462-7FE2-46AC-B3ED-ACF519BE12D8}.Debug|Any CPU.ActiveCfg = Debug|Any CPU
		{50E5D462-7FE2-46AC-B3ED-ACF519BE12D8}.Debug|Any CPU.Build.0 = Debug|Any CPU
		{50E5D462-7FE2-46AC-B3ED-ACF519BE12D8}.Release|Any CPU.ActiveCfg = Release|Any CPU
		{50E5D462-7FE2-46AC-B3ED-ACF519BE12D8}.Release|Any CPU.Build.0 = Release|Any CPU
		{76E5DF7F-76D8-4528-A017-C2F10781F161}.Debug|Any CPU.ActiveCfg = Debug|Any CPU
		{76E5DF7F-76D8-4528-A017-C2F10781F161}.Debug|Any CPU.Build.0 = Debug|Any CPU
		{76E5DF7F-76D8-4528-A017-C2F10781F161}.Release|Any CPU.ActiveCfg = Release|Any CPU
		{76E5DF7F-76D8-4528-A017-C2F10781F161}.Release|Any CPU.Build.0 = Release|Any CPU
	EndGlobalSection
	GlobalSection(SolutionProperties) = preSolution
		HideSolutionNode = FALSE
	EndGlobalSection
	GlobalSection(NestedProjects) = preSolution
		{DB1CC978-D2D4-4A81-81B2-61EA9FFB090F} = {5A482189-3E43-44AA-91D1-D51531FFB850}
		{6B116CDF-ADD6-4021-B542-884C4E125E5B} = {5A482189-3E43-44AA-91D1-D51531FFB850}
		{EED8F042-B6A9-4407-A53E-3953353B9877} = {5A482189-3E43-44AA-91D1-D51531FFB850}
		{B7EDC80A-8BFA-49AB-A61B-618DBD8542A9} = {E891E9C2-A98F-4923-8B3B-7EAB5042CE61}
		{50E5D462-7FE2-46AC-B3ED-ACF519BE12D8} = {5A482189-3E43-44AA-91D1-D51531FFB850}
		{76E5DF7F-76D8-4528-A017-C2F10781F161} = {E891E9C2-A98F-4923-8B3B-7EAB5042CE61}
	EndGlobalSection
	GlobalSection(ExtensibilityGlobals) = postSolution
		SolutionGuid = {B28518A0-453D-4047-8F9B-035EB2F7FF27}
	EndGlobalSection
EndGlobal
