
Microsoft Visual Studio Solution File, Format Version 12.00
# Visual Studio Version 17
VisualStudioVersion = 17.8.34322.80
MinimumVisualStudioVersion = 10.0.40219.1
Project("{FAE04EC0-301F-11D3-BF4B-00C04F79EFBC}") = "AdventOfCode2024", "AdventOfCode2024\AdventOfCode2024.csproj", "{DB1CC978-D2D4-4A81-81B2-61EA9FFB090F}"
EndProject
Global
	GlobalSection(SolutionConfigurationPlatforms) = preSolution
		Debug|Any CPU = Debug|Any CPU
		Release|Any CPU = Release|Any CPU
	EndGlobalSection
	GlobalSection(ProjectConfigurationPlatforms) = postSolution
		{DB1CC978-D2D4-4A81-81B2-61EA9FFB090F}.Debug|Any CPU.ActiveCfg = Debug|Any CPU
		{DB1CC978-D2D4-4A81-81B2-61EA9FFB090F}.Debug|Any CPU.Build.0 = Debug|Any CPU
		{DB1CC978-D2D4-4A81-81B2-61EA9FFB090F}.Release|Any CPU.ActiveCfg = Release|Any CPU
		{DB1CC978-D2D4-4A81-81B2-61EA9FFB090F}.Release|Any CPU.Build.0 = Release|Any CPU
	EndGlobalSection
	GlobalSection(SolutionProperties) = preSolution
		HideSolutionNode = FALSE
	EndGlobalSection
	GlobalSection(ExtensibilityGlobals) = postSolution
		SolutionGuid = {B28518A0-453D-4047-8F9B-035EB2F7FF27}
	EndGlobalSection
EndGlobal
